
Microsoft Visual Studio Solution File, Format Version 12.00
# Visual Studio Version 16
VisualStudioVersion = 16.0.31112.23
MinimumVisualStudioVersion = 10.0.40219.1
Project("{FAE04EC0-301F-11D3-BF4B-00C04F79EFBC}") = "RealEstates.ConsoleApplication", "RealEstates.ConsoleApplication\RealEstates.ConsoleApplication.csproj", "{97CC927C-6EA6-48FB-8F06-32D87C830421}"
EndProject
Project("{FAE04EC0-301F-11D3-BF4B-00C04F79EFBC}") = "RealEstates.Data", "RealEstates.Data\RealEstates.Data.csproj", "{A05ADBE2-1428-494A-8329-B730D882C933}"
EndProject
Project("{FAE04EC0-301F-11D3-BF4B-00C04F79EFBC}") = "RealEstates.Models", "RealEstates.Models\RealEstates.Models.csproj", "{7D737F98-42DE-4CAA-A5EC-EA612715A92C}"
EndProject
Project("{FAE04EC0-301F-11D3-BF4B-00C04F79EFBC}") = "RealEstates.Services", "RealEstates.Services\RealEstates.Services.csproj", "{26A2431F-CAF5-4ADF-B38B-98382FD12184}"
EndProject
Project("{FAE04EC0-301F-11D3-BF4B-00C04F79EFBC}") = "RealEstates.Importer", "RealEstates.Importer\RealEstates.Importer.csproj", "{C0B878F1-B6B7-4125-B0C8-43F977FE2B78}"
EndProject
Global
	GlobalSection(SolutionConfigurationPlatforms) = preSolution
		Debug|Any CPU = Debug|Any CPU
		Release|Any CPU = Release|Any CPU
	EndGlobalSection
	GlobalSection(ProjectConfigurationPlatforms) = postSolution
		{97CC927C-6EA6-48FB-8F06-32D87C830421}.Debug|Any CPU.ActiveCfg = Debug|Any CPU
		{97CC927C-6EA6-48FB-8F06-32D87C830421}.Debug|Any CPU.Build.0 = Debug|Any CPU
		{97CC927C-6EA6-48FB-8F06-32D87C830421}.Release|Any CPU.ActiveCfg = Release|Any CPU
		{97CC927C-6EA6-48FB-8F06-32D87C830421}.Release|Any CPU.Build.0 = Release|Any CPU
		{A05ADBE2-1428-494A-8329-B730D882C933}.Debug|Any CPU.ActiveCfg = Debug|Any CPU
		{A05ADBE2-1428-494A-8329-B730D882C933}.Debug|Any CPU.Build.0 = Debug|Any CPU
		{A05ADBE2-1428-494A-8329-B730D882C933}.Release|Any CPU.ActiveCfg = Release|Any CPU
		{A05ADBE2-1428-494A-8329-B730D882C933}.Release|Any CPU.Build.0 = Release|Any CPU
		{7D737F98-42DE-4CAA-A5EC-EA612715A92C}.Debug|Any CPU.ActiveCfg = Debug|Any CPU
		{7D737F98-42DE-4CAA-A5EC-EA612715A92C}.Debug|Any CPU.Build.0 = Debug|Any CPU
		{7D737F98-42DE-4CAA-A5EC-EA612715A92C}.Release|Any CPU.ActiveCfg = Release|Any CPU
		{7D737F98-42DE-4CAA-A5EC-EA612715A92C}.Release|Any CPU.Build.0 = Release|Any CPU
		{26A2431F-CAF5-4ADF-B38B-98382FD12184}.Debug|Any CPU.ActiveCfg = Debug|Any CPU
		{26A2431F-CAF5-4ADF-B38B-98382FD12184}.Debug|Any CPU.Build.0 = Debug|Any CPU
		{26A2431F-CAF5-4ADF-B38B-98382FD12184}.Release|Any CPU.ActiveCfg = Release|Any CPU
		{26A2431F-CAF5-4ADF-B38B-98382FD12184}.Release|Any CPU.Build.0 = Release|Any CPU
		{C0B878F1-B6B7-4125-B0C8-43F977FE2B78}.Debug|Any CPU.ActiveCfg = Debug|Any CPU
		{C0B878F1-B6B7-4125-B0C8-43F977FE2B78}.Debug|Any CPU.Build.0 = Debug|Any CPU
		{C0B878F1-B6B7-4125-B0C8-43F977FE2B78}.Release|Any CPU.ActiveCfg = Release|Any CPU
		{C0B878F1-B6B7-4125-B0C8-43F977FE2B78}.Release|Any CPU.Build.0 = Release|Any CPU
	EndGlobalSection
	GlobalSection(SolutionProperties) = preSolution
		HideSolutionNode = FALSE
	EndGlobalSection
	GlobalSection(ExtensibilityGlobals) = postSolution
		SolutionGuid = {B2381C67-9BF8-4E55-93BA-2E936F8D3AC5}
	EndGlobalSection
EndGlobal
